Microsoft Visual Studio Solution File, Format Version 12.00
# Visual Studio Version 17
VisualStudioVersion = 17.12.35323.107
MinimumVisualStudioVersion = 10.0.40219.1
Project("{FAE04EC0-301F-11D3-BF4B-00C04F79EFBC}") = "TrafficJamAnalyzer.AppHost", "TrafficJamAnalyzer.AppHost\TrafficJamAnalyzer.AppHost.csproj", "{0152ECDA-C43F-4A91-9128-F707F36CE6DA}"
EndProject
Project("{FAE04EC0-301F-11D3-BF4B-00C04F79EFBC}") = "TrafficJamAnalyzer.ServiceDefaults", "TrafficJamAnalyzer.ServiceDefaults\TrafficJamAnalyzer.ServiceDefaults.csproj", "{1DD56118-8480-4B22-A6BE-C0113A64AB12}"
EndProject
Project("{FAE04EC0-301F-11D3-BF4B-00C04F79EFBC}") = "TrafficJamAnalyzer.Microservices.WebApiService", "TrafficJamAnalyzer.ApiService\TrafficJamAnalyzer.Microservices.WebApiService.csproj", "{0552DCB8-57CB-4163-B691-35B61490E8B3}"
EndProject
Project("{FAE04EC0-301F-11D3-BF4B-00C04F79EFBC}") = "TrafficJamAnalyzer.Web", "TrafficJamAnalyzer.Web\TrafficJamAnalyzer.Web.csproj", "{1A2A888F-5138-4B1F-A7DD-52424A6DE7EB}"
EndProject
Project("{2150E333-8FDC-42A3-9474-1A3956D46DE8}") = "1. Apps", "1. Apps", "{1EA7F640-96A3-4111-A034-75238B737DD0}"
EndProject
Project("{2150E333-8FDC-42A3-9474-1A3956D46DE8}") = "2. Microservices", "2. Microservices", "{AD7A9895-B3BD-4093-A5DA-00AF6F530A69}"
EndProject
Project("{FAE04EC0-301F-11D3-BF4B-00C04F79EFBC}") = "TrafficJamAnalyzer.Microservices.AiApiService", "TrafficJamAnalyzer.Services.AiApiService\TrafficJamAnalyzer.Microservices.AiApiService.csproj", "{7CD7E004-57E7-45D0-A81E-EED363683342}"
EndProject
Project("{FAE04EC0-301F-11D3-BF4B-00C04F79EFBC}") = "TrafficJamAnalyzer.Microservices.ScraperApiService", "TrafficJamAnalyzer.Services.ScraperApiService\TrafficJamAnalyzer.Microservices.ScraperApiService.csproj", "{86546881-BF50-431E-84F9-A06B93C34A5E}"
EndProject
Project("{2150E333-8FDC-42A3-9474-1A3956D46DE8}") = "0. Aspire", "0. Aspire", "{F00BFFF8-0E39-43E6-833F-DDE830302B6A}"
EndProject
Project("{2150E333-8FDC-42A3-9474-1A3956D46DE8}") = "3. Services", "3. Services", "{B1FC3FA4-A0AE-4071-80C0-3DA44D31E616}"
EndProject
Project("{FAE04EC0-301F-11D3-BF4B-00C04F79EFBC}") = "TrafficJamAnalyzer.Services.TrafficService", "TrafficJamAnalyzer.Services.TrafficService\TrafficJamAnalyzer.Services.TrafficService.csproj", "{A9882491-A2B0-45F3-A0BD-08D11A1DE571}"
EndProject
Project("{2150E333-8FDC-42A3-9474-1A3956D46DE8}") = "4. Workers", "4. Workers", "{715620C5-F80C-487A-8441-B785B9F5BDB6}"
EndProject
Project("{2150E333-8FDC-42A3-9474-1A3956D46DE8}") = "5. Shared", "5. Shared", "{3D5F8B8E-B32F-4D60-BC4E-004F35A26505}"
EndProject
Project("{FAE04EC0-301F-11D3-BF4B-00C04F79EFBC}") = "TrafficJamAnalyzer.Shared.Models", "TrafficJamAnalyzer.Shared.Models\TrafficJamAnalyzer.Shared.Models.csproj", "{8F157CF8-6AC2-434D-82E7-D5AE68A5F986}"
EndProject
Project("{FAE04EC0-301F-11D3-BF4B-00C04F79EFBC}") = "TrafficJamAnalyzer.Shared.Clients", "TrafficJamAnalyzer.Shared.Clients\TrafficJamAnalyzer.Shared.Clients.csproj", "{8EC5DEB6-6CBA-4157-9BDA-7D29BA57A838}"
EndProject
Project("{FAE04EC0-301F-11D3-BF4B-00C04F79EFBC}") = "TrafficJamAnalyzer.Workers.Analyzer", "TrafficJamAnalyzer.Workers.Analyzer\TrafficJamAnalyzer.Workers.Analyzer.csproj", "{D24453F7-C542-4CFF-84F2-A146F242A933}"
EndProject
Global
	GlobalSection(SolutionConfigurationPlatforms) = preSolution
		Debug|Any CPU = Debug|Any CPU
		Release|Any CPU = Release|Any CPU
	EndGlobalSection
	GlobalSection(ProjectConfigurationPlatforms) = postSolution
		{0152ECDA-C43F-4A91-9128-F707F36CE6DA}.Debug|Any CPU.ActiveCfg = Debug|Any CPU
		{0152ECDA-C43F-4A91-9128-F707F36CE6DA}.Debug|Any CPU.Build.0 = Debug|Any CPU
		{0152ECDA-C43F-4A91-9128-F707F36CE6DA}.Release|Any CPU.ActiveCfg = Release|Any CPU
		{0152ECDA-C43F-4A91-9128-F707F36CE6DA}.Release|Any CPU.Build.0 = Release|Any CPU
		{1DD56118-8480-4B22-A6BE-C0113A64AB12}.Debug|Any CPU.ActiveCfg = Debug|Any CPU
		{1DD56118-8480-4B22-A6BE-C0113A64AB12}.Debug|Any CPU.Build.0 = Debug|Any CPU
		{1DD56118-8480-4B22-A6BE-C0113A64AB12}.Release|Any CPU.ActiveCfg = Release|Any CPU
		{1DD56118-8480-4B22-A6BE-C0113A64AB12}.Release|Any CPU.Build.0 = Release|Any CPU
		{0552DCB8-57CB-4163-B691-35B61490E8B3}.Debug|Any CPU.ActiveCfg = Debug|Any CPU
		{0552DCB8-57CB-4163-B691-35B61490E8B3}.Debug|Any CPU.Build.0 = Debug|Any CPU
		{0552DCB8-57CB-4163-B691-35B61490E8B3}.Release|Any CPU.ActiveCfg = Release|Any CPU
		{0552DCB8-57CB-4163-B691-35B61490E8B3}.Release|Any CPU.Build.0 = Release|Any CPU
		{1A2A888F-5138-4B1F-A7DD-52424A6DE7EB}.Debug|Any CPU.ActiveCfg = Debug|Any CPU
		{1A2A888F-5138-4B1F-A7DD-52424A6DE7EB}.Debug|Any CPU.Build.0 = Debug|Any CPU
		{1A2A888F-5138-4B1F-A7DD-52424A6DE7EB}.Release|Any CPU.ActiveCfg = Release|Any CPU
		{1A2A888F-5138-4B1F-A7DD-52424A6DE7EB}.Release|Any CPU.Build.0 = Release|Any CPU
		{7CD7E004-57E7-45D0-A81E-EED363683342}.Debug|Any CPU.ActiveCfg = Debug|Any CPU
		{7CD7E004-57E7-45D0-A81E-EED363683342}.Debug|Any CPU.Build.0 = Debug|Any CPU
		{7CD7E004-57E7-45D0-A81E-EED363683342}.Release|Any CPU.ActiveCfg = Release|Any CPU
		{7CD7E004-57E7-45D0-A81E-EED363683342}.Release|Any CPU.Build.0 = Release|Any CPU
		{86546881-BF50-431E-84F9-A06B93C34A5E}.Debug|Any CPU.ActiveCfg = Debug|Any CPU
		{86546881-BF50-431E-84F9-A06B93C34A5E}.Debug|Any CPU.Build.0 = Debug|Any CPU
		{86546881-BF50-431E-84F9-A06B93C34A5E}.Release|Any CPU.ActiveCfg = Release|Any CPU
		{86546881-BF50-431E-84F9-A06B93C34A5E}.Release|Any CPU.Build.0 = Release|Any CPU
		{A9882491-A2B0-45F3-A0BD-08D11A1DE571}.Debug|Any CPU.ActiveCfg = Debug|Any CPU
		{A9882491-A2B0-45F3-A0BD-08D11A1DE571}.Debug|Any CPU.Build.0 = Debug|Any CPU
		{A9882491-A2B0-45F3-A0BD-08D11A1DE571}.Release|Any CPU.ActiveCfg = Release|Any CPU
		{A9882491-A2B0-45F3-A0BD-08D11A1DE571}.Release|Any CPU.Build.0 = Release|Any CPU
		{8F157CF8-6AC2-434D-82E7-D5AE68A5F986}.Debug|Any CPU.ActiveCfg = Debug|Any CPU
		{8F157CF8-6AC2-434D-82E7-D5AE68A5F986}.Debug|Any CPU.Build.0 = Debug|Any CPU
		{8F157CF8-6AC2-434D-82E7-D5AE68A5F986}.Release|Any CPU.ActiveCfg = Release|Any CPU
		{8F157CF8-6AC2-434D-82E7-D5AE68A5F986}.Release|Any CPU.Build.0 = Release|Any CPU
		{8EC5DEB6-6CBA-4157-9BDA-7D29BA57A838}.Debug|Any CPU.ActiveCfg = Debug|Any CPU
		{8EC5DEB6-6CBA-4157-9BDA-7D29BA57A838}.Debug|Any CPU.Build.0 = Debug|Any CPU
		{8EC5DEB6-6CBA-4157-9BDA-7D29BA57A838}.Release|Any CPU.ActiveCfg = Release|Any CPU
		{8EC5DEB6-6CBA-4157-9BDA-7D29BA57A838}.Release|Any CPU.Build.0 = Release|Any CPU
		{D24453F7-C542-4CFF-84F2-A146F242A933}.Debug|Any CPU.ActiveCfg = Debug|Any CPU
		{D24453F7-C542-4CFF-84F2-A146F242A933}.Debug|Any CPU.Build.0 = Debug|Any CPU
		{D24453F7-C542-4CFF-84F2-A146F242A933}.Release|Any CPU.ActiveCfg = Release|Any CPU
		{D24453F7-C542-4CFF-84F2-A146F242A933}.Release|Any CPU.Build.0 = Release|Any CPU
	EndGlobalSection
	GlobalSection(SolutionProperties) = preSolution
		HideSolutionNode = FALSE
	EndGlobalSection
	GlobalSection(NestedProjects) = preSolution
		{0152ECDA-C43F-4A91-9128-F707F36CE6DA} = {F00BFFF8-0E39-43E6-833F-DDE830302B6A}
		{1DD56118-8480-4B22-A6BE-C0113A64AB12} = {F00BFFF8-0E39-43E6-833F-DDE830302B6A}
		{0552DCB8-57CB-4163-B691-35B61490E8B3} = {AD7A9895-B3BD-4093-A5DA-00AF6F530A69}
		{1A2A888F-5138-4B1F-A7DD-52424A6DE7EB} = {1EA7F640-96A3-4111-A034-75238B737DD0}
		{7CD7E004-57E7-45D0-A81E-EED363683342} = {AD7A9895-B3BD-4093-A5DA-00AF6F530A69}
		{86546881-BF50-431E-84F9-A06B93C34A5E} = {AD7A9895-B3BD-4093-A5DA-00AF6F530A69}
		{A9882491-A2B0-45F3-A0BD-08D11A1DE571} = {B1FC3FA4-A0AE-4071-80C0-3DA44D31E616}
		{8F157CF8-6AC2-434D-82E7-D5AE68A5F986} = {3D5F8B8E-B32F-4D60-BC4E-004F35A26505}
		{8EC5DEB6-6CBA-4157-9BDA-7D29BA57A838} = {3D5F8B8E-B32F-4D60-BC4E-004F35A26505}
		{D24453F7-C542-4CFF-84F2-A146F242A933} = {715620C5-F80C-487A-8441-B785B9F5BDB6}
	EndGlobalSection
	GlobalSection(ExtensibilityGlobals) = postSolution
		SolutionGuid = {F73ED8AB-6B8D-48D3-BA77-D2F978CC069C}
	EndGlobalSection
EndGlobal
